// !$*UTF8*$!
{
	archiveVersion = 1;
	classes = {
	};
	objectVersion = 50;
	objects = {

/* Begin PBXBuildFile section */
		6B5AB0F12196E0E500581E78 /* AppDelegate.swift in Sources */ = {isa = PBXBuildFile; fileRef = 6B5AB0F02196E0E500581E78 /* AppDelegate.swift */; };
		6B5AB0F32196E0E500581E78 /* ViewController.swift in Sources */ = {isa = PBXBuildFile; fileRef = 6B5AB0F22196E0E500581E78 /* ViewController.swift */; };
		6B5AB0F62196E0E500581E78 /* Main.storyboard in Resources */ = {isa = PBXBuildFile; fileRef = 6B5AB0F42196E0E500581E78 /* Main.storyboard */; };
		6B5AB0F82196E0E700581E78 /* Assets.xcassets in Resources */ = {isa = PBXBuildFile; fileRef = 6B5AB0F72196E0E700581E78 /* Assets.xcassets */; };
		6B5AB0FB2196E0E700581E78 /* LaunchScreen.storyboard in Resources */ = {isa = PBXBuildFile; fileRef = 6B5AB0F92196E0E700581E78 /* LaunchScreen.storyboard */; };
		6B5AB1032196E2F300581E78 /* CityProvider.swift in Sources */ = {isa = PBXBuildFile; fileRef = 6B5AB1022196E2F300581E78 /* CityProvider.swift */; };
		6B5AB1052196E3EB00581E78 /* CityService.swift in Sources */ = {isa = PBXBuildFile; fileRef = 6B5AB1042196E3EB00581E78 /* CityService.swift */; };
		6B5AB1072196E93700581E78 /* CountryAutocomplete.swift in Sources */ = {isa = PBXBuildFile; fileRef = 6B5AB1062196E93700581E78 /* CountryAutocomplete.swift */; };
		F31DEDC9E956DA12ED4C19E4 /* Pods_RxAutocomplete.framework in Frameworks */ = {isa = PBXBuildFile; fileRef = D61FAD5FE334DFD35B39E998 /* Pods_RxAutocomplete.framework */; };
/* End PBXBuildFile section */

/* Begin PBXFileReference section */
		6B5AB0ED2196E0E500581E78 /* RxAutocomplete.app */ = {isa = PBXFileReference; explicitFileType = wrapper.application; includeInIndex = 0; path = RxAutocomplete.app; sourceTree = BUILT_PRODUCTS_DIR; };
		6B5AB0F02196E0E500581E78 /* AppDelegate.swift */ = {isa = PBXFileReference; lastKnownFileType = sourcecode.swift; path = AppDelegate.swift; sourceTree = "<group>"; };
		6B5AB0F22196E0E500581E78 /* ViewController.swift */ = {isa = PBXFileReference; lastKnownFileType = sourcecode.swift; path = ViewController.swift; sourceTree = "<group>"; };
		6B5AB0F52196E0E500581E78 /* Base */ = {isa = PBXFileReference; lastKnownFileType = file.storyboard; name = Base; path = Base.lproj/Main.storyboard; sourceTree = "<group>"; };
		6B5AB0F72196E0E700581E78 /* Assets.xcassets */ = {isa = PBXFileReference; lastKnownFileType = folder.assetcatalog; path = Assets.xcassets; sourceTree = "<group>"; };
		6B5AB0FA2196E0E700581E78 /* Base */ = {isa = PBXFileReference; lastKnownFileType = file.storyboard; name = Base; path = Base.lproj/LaunchScreen.storyboard; sourceTree = "<group>"; };
		6B5AB0FC2196E0E700581E78 /* Info.plist */ = {isa = PBXFileReference; lastKnownFileType = text.plist.xml; path = Info.plist; sourceTree = "<group>"; };
		6B5AB1022196E2F300581E78 /* CityProvider.swift */ = {isa = PBXFileReference; lastKnownFileType = sourcecode.swift; path = CityProvider.swift; sourceTree = "<group>"; };
		6B5AB1042196E3EB00581E78 /* CityService.swift */ = {isa = PBXFileReference; lastKnownFileType = sourcecode.swift; path = CityService.swift; sourceTree = "<group>"; };
		6B5AB1062196E93700581E78 /* CountryAutocomplete.swift */ = {isa = PBXFileReference; lastKnownFileType = sourcecode.swift; path = CountryAutocomplete.swift; sourceTree = "<group>"; };
		9E50CD434B5AFAA449DC905D /* Pods-RxAutocomplete.debug.xcconfig */ = {isa = PBXFileReference; includeInIndex = 1; lastKnownFileType = text.xcconfig; name = "Pods-RxAutocomplete.debug.xcconfig"; path = "../Pods/Target Support Files/Pods-RxAutocomplete/Pods-RxAutocomplete.debug.xcconfig"; sourceTree = "<group>"; };
		D61FAD5FE334DFD35B39E998 /* Pods_RxAutocomplete.framework */ = {isa = PBXFileReference; explicitFileType = wrapper.framework; includeInIndex = 0; path = Pods_RxAutocomplete.framework; sourceTree = BUILT_PRODUCTS_DIR; };
		E369A27F4B3790CA011502E9 /* Pods-RxAutocomplete.release.xcconfig */ = {isa = PBXFileReference; includeInIndex = 1; lastKnownFileType = text.xcconfig; name = "Pods-RxAutocomplete.release.xcconfig"; path = "../Pods/Target Support Files/Pods-RxAutocomplete/Pods-RxAutocomplete.release.xcconfig"; sourceTree = "<group>"; };
/* End PBXFileReference section */

/* Begin PBXFrameworksBuildPhase section */
		6B5AB0EA2196E0E500581E78 /* Frameworks */ = {
			isa = PBXFrameworksBuildPhase;
			buildActionMask = 2147483647;
			files = (
				F31DEDC9E956DA12ED4C19E4 /* Pods_RxAutocomplete.framework in Frameworks */,
			);
			runOnlyForDeploymentPostprocessing = 0;
		};
/* End PBXFrameworksBuildPhase section */

/* Begin PBXGroup section */
		474ABFAC5E95460D6499286A /* Frameworks */ = {
			isa = PBXGroup;
			children = (
				D61FAD5FE334DFD35B39E998 /* Pods_RxAutocomplete.framework */,
			);
			name = Frameworks;
			sourceTree = "<group>";
		};
		6B5AB0E42196E0E500581E78 = {
			isa = PBXGroup;
			children = (
				6B5AB0EF2196E0E500581E78 /* RxAutocomplete */,
				6B5AB0EE2196E0E500581E78 /* Products */,
				F082685DEDE585BE1D824FB1 /* Pods */,
				474ABFAC5E95460D6499286A /* Frameworks */,
			);
			sourceTree = "<group>";
		};
		6B5AB0EE2196E0E500581E78 /* Products */ = {
			isa = PBXGroup;
			children = (
				6B5AB0ED2196E0E500581E78 /* RxAutocomplete.app */,
			);
			name = Products;
			sourceTree = "<group>";
		};
		6B5AB0EF2196E0E500581E78 /* RxAutocomplete */ = {
			isa = PBXGroup;
			children = (
				6B5AB1082196E93F00581E78 /* Internal */,
				6B5AB1062196E93700581E78 /* CountryAutocomplete.swift */,
				6B5AB0FC2196E0E700581E78 /* Info.plist */,
			);
			path = RxAutocomplete;
			sourceTree = "<group>";
		};
		6B5AB1082196E93F00581E78 /* Internal */ = {
			isa = PBXGroup;
			children = (
				6B5AB0F02196E0E500581E78 /* AppDelegate.swift */,
				6B5AB0F22196E0E500581E78 /* ViewController.swift */,
				6B5AB0F42196E0E500581E78 /* Main.storyboard */,
				6B5AB0F72196E0E700581E78 /* Assets.xcassets */,
				6B5AB0F92196E0E700581E78 /* LaunchScreen.storyboard */,
				6B5AB1022196E2F300581E78 /* CityProvider.swift */,
				6B5AB1042196E3EB00581E78 /* CityService.swift */,
			);
			path = Internal;
			sourceTree = "<group>";
		};
		F082685DEDE585BE1D824FB1 /* Pods */ = {
			isa = PBXGroup;
			children = (
				9E50CD434B5AFAA449DC905D /* Pods-RxAutocomplete.debug.xcconfig */,
				E369A27F4B3790CA011502E9 /* Pods-RxAutocomplete.release.xcconfig */,
			);
			name = Pods;
			sourceTree = "<group>";
		};
/* End PBXGroup section */

/* Begin PBXNativeTarget section */
		6B5AB0EC2196E0E500581E78 /* RxAutocomplete */ = {
			isa = PBXNativeTarget;
			buildConfigurationList = 6B5AB0FF2196E0E700581E78 /* Build configuration list for PBXNativeTarget "RxAutocomplete" */;
			buildPhases = (
				F03F7A47EC2EBA8EA689DC6C /* [CP] Check Pods Manifest.lock */,
				6B5AB0E92196E0E500581E78 /* Sources */,
				6B5AB0EA2196E0E500581E78 /* Frameworks */,
				6B5AB0EB2196E0E500581E78 /* Resources */,
				603E6E06F980BAB660334BC3 /* [CP] Embed Pods Frameworks */,
			);
			buildRules = (
			);
			dependencies = (
			);
			name = RxAutocomplete;
			productName = RxAutocomplete;
			productReference = 6B5AB0ED2196E0E500581E78 /* RxAutocomplete.app */;
			productType = "com.apple.product-type.application";
		};
/* End PBXNativeTarget section */

/* Begin PBXProject section */
		6B5AB0E52196E0E500581E78 /* Project object */ = {
			isa = PBXProject;
			attributes = {
				LastSwiftUpdateCheck = 1000;
				LastUpgradeCheck = 1000;
				ORGANIZATIONNAME = "Aline Borges";
				TargetAttributes = {
					6B5AB0EC2196E0E500581E78 = {
						CreatedOnToolsVersion = 10.0;
					};
				};
			};
			buildConfigurationList = 6B5AB0E82196E0E500581E78 /* Build configuration list for PBXProject "RxAutocomplete" */;
			compatibilityVersion = "Xcode 9.3";
			developmentRegion = en;
			hasScannedForEncodings = 0;
			knownRegions = (
				en,
				Base,
			);
			mainGroup = 6B5AB0E42196E0E500581E78;
			productRefGroup = 6B5AB0EE2196E0E500581E78 /* Products */;
			projectDirPath = "";
			projectRoot = "";
			targets = (
				6B5AB0EC2196E0E500581E78 /* RxAutocomplete */,
			);
		};
/* End PBXProject section */

/* Begin PBXResourcesBuildPhase section */
		6B5AB0EB2196E0E500581E78 /* Resources */ = {
			isa = PBXResourcesBuildPhase;
			buildActionMask = 2147483647;
			files = (
				6B5AB0FB2196E0E700581E78 /* LaunchScreen.storyboard in Resources */,
				6B5AB0F82196E0E700581E78 /* Assets.xcassets in Resources */,
				6B5AB0F62196E0E500581E78 /* Main.storyboard in Resources */,
			);
			runOnlyForDeploymentPostprocessing = 0;
		};
/* End PBXResourcesBuildPhase section */

/* Begin PBXShellScriptBuildPhase section */
		603E6E06F980BAB660334BC3 /* [CP] Embed Pods Frameworks */ = {
			isa = PBXShellScriptBuildPhase;
			buildActionMask = 2147483647;
			files = (
			);
			inputFileListPaths = (
			);
			inputPaths = (
				"${SRCROOT}/../Pods/Target Support Files/Pods-RxAutocomplete/Pods-RxAutocomplete-frameworks.sh",
				"${BUILT_PRODUCTS_DIR}/RxCocoa/RxCocoa.framework",
				"${BUILT_PRODUCTS_DIR}/RxSwift/RxSwift.framework",
				"${BUILT_PRODUCTS_DIR}/RxSwiftUtilities/RxSwiftUtilities.framework",
			);
			name = "[CP] Embed Pods Frameworks";
			outputFileListPaths = (
			);
			outputPaths = (
				"${TARGET_BUILD_DIR}/${FRAMEWORKS_FOLDER_PATH}/RxCocoa.framework",
				"${TARGET_BUILD_DIR}/${FRAMEWORKS_FOLDER_PATH}/RxSwift.framework",
				"${TARGET_BUILD_DIR}/${FRAMEWORKS_FOLDER_PATH}/RxSwiftUtilities.framework",
			);
			runOnlyForDeploymentPostprocessing = 0;
			shellPath = /bin/sh;
			shellScript = "\"${SRCROOT}/../Pods/Target Support Files/Pods-RxAutocomplete/Pods-RxAutocomplete-frameworks.sh\"\n";
			showEnvVarsInLog = 0;
		};
		F03F7A47EC2EBA8EA689DC6C /* [CP] Check Pods Manifest.lock */ = {
			isa = PBXShellScriptBuildPhase;
			buildActionMask = 2147483647;
			files = (
			);
			inputFileListPaths = (
			);
			inputPaths = (
				"${PODS_PODFILE_DIR_PATH}/Podfile.lock",
				"${PODS_ROOT}/Manifest.lock",
			);
			name = "[CP] Check Pods Manifest.lock";
			outputFileListPaths = (
			);
			outputPaths = (
				"$(DERIVED_FILE_DIR)/Pods-RxAutocomplete-checkManifestLockResult.txt",
			);
			runOnlyForDeploymentPostprocessing = 0;
			shellPath = /bin/sh;
			shellScript = "diff \"${PODS_PODFILE_DIR_PATH}/Podfile.lock\" \"${PODS_ROOT}/Manifest.lock\" > /dev/null\nif [ $? != 0 ] ; then\n    # print error to STDERR\n    echo \"error: The sandbox is not in sync with the Podfile.lock. Run 'pod install' or update your CocoaPods installation.\" >&2\n    exit 1\nfi\n# This output is used by Xcode 'outputs' to avoid re-running this script phase.\necho \"SUCCESS\" > \"${SCRIPT_OUTPUT_FILE_0}\"\n";
			showEnvVarsInLog = 0;
		};
/* End PBXShellScriptBuildPhase section */

/* Begin PBXSourcesBuildPhase section */
		6B5AB0E92196E0E500581E78 /* Sources */ = {
			isa = PBXSourcesBuildPhase;
			buildActionMask = 2147483647;
			files = (
				6B5AB1052196E3EB00581E78 /* CityService.swift in Sources */,
				6B5AB1072196E93700581E78 /* CountryAutocomplete.swift in Sources */,
				6B5AB0F32196E0E500581E78 /* ViewController.swift in Sources */,
				6B5AB0F12196E0E500581E78 /* AppDelegate.swift in Sources */,
				6B5AB1032196E2F300581E78 /* CityProvider.swift in Sources */,
			);
			runOnlyForDeploymentPostprocessing = 0;
		};
/* End PBXSourcesBuildPhase section */

/* Begin PBXVariantGroup section */
		6B5AB0F42196E0E500581E78 /* Main.storyboard */ = {
			isa = PBXVariantGroup;
			children = (
				6B5AB0F52196E0E500581E78 /* Base */,
			);
			name = Main.storyboard;
			sourceTree = "<group>";
		};
		6B5AB0F92196E0E700581E78 /* LaunchScreen.storyboard */ = {
			isa = PBXVariantGroup;
			children = (
				6B5AB0FA2196E0E700581E78 /* Base */,
			);
			name = LaunchScreen.storyboard;
			sourceTree = "<group>";
		};
/* End PBXVariantGroup section */

/* Begin XCBuildConfiguration section */
		6B5AB0FD2196E0E700581E78 /* Debug */ = {
			isa = XCBuildConfiguration;
			buildSettings = {
				ALWAYS_SEARCH_USER_PATHS = NO;
				CLANG_ANALYZER_NONNULL = YES;
				CLANG_ANALYZER_NUMBER_OBJECT_CONVERSION = YES_AGGRESSIVE;
				CLANG_CXX_LANGUAGE_STANDARD = "gnu++14";
				CLANG_CXX_LIBRARY = "libc++";
				CLANG_ENABLE_MODULES = YES;
				CLANG_ENABLE_OBJC_ARC = YES;
				CLANG_ENABLE_OBJC_WEAK = YES;
				CLANG_WARN_BLOCK_CAPTURE_AUTORELEASING = YES;
				CLANG_WARN_BOOL_CONVERSION = YES;
				CLANG_WARN_COMMA = YES;
				CLANG_WARN_CONSTANT_CONVERSION = YES;
				CLANG_WARN_DEPRECATED_OBJC_IMPLEMENTATIONS = YES;
				CLANG_WARN_DIRECT_OBJC_ISA_USAGE = YES_ERROR;
				CLANG_WARN_DOCUMENTATION_COMMENTS = YES;
				CLANG_WARN_EMPTY_BODY = YES;
				CLANG_WARN_ENUM_CONVERSION = YES;
				CLANG_WARN_INFINITE_RECURSION = YES;
				CLANG_WARN_INT_CONVERSION = YES;
				CLANG_WARN_NON_LITERAL_NULL_CONVERSION = YES;
				CLANG_WARN_OBJC_IMPLICIT_RETAIN_SELF = YES;
				CLANG_WARN_OBJC_LITERAL_CONVERSION = YES;
				CLANG_WARN_OBJC_ROOT_CLASS = YES_ERROR;
				CLANG_WARN_RANGE_LOOP_ANALYSIS = YES;
				CLANG_WARN_STRICT_PROTOTYPES = YES;
				CLANG_WARN_SUSPICIOUS_MOVE = YES;
				CLANG_WARN_UNGUARDED_AVAILABILITY = YES_AGGRESSIVE;
				CLANG_WARN_UNREACHABLE_CODE = YES;
				CLANG_WARN__DUPLICATE_METHOD_MATCH = YES;
				CODE_SIGN_IDENTITY = "iPhone Developer";
				COPY_PHASE_STRIP = NO;
				DEBUG_INFORMATION_FORMAT = dwarf;
				ENABLE_STRICT_OBJC_MSGSEND = YES;
				ENABLE_TESTABILITY = YES;
				GCC_C_LANGUAGE_STANDARD = gnu11;
				GCC_DYNAMIC_NO_PIC = NO;
				GCC_NO_COMMON_BLOCKS = YES;
				GCC_OPTIMIZATION_LEVEL = 0;
				GCC_PREPROCESSOR_DEFINITIONS = (
					"DEBUG=1",
					"$(inherited)",
				);
				GCC_WARN_64_TO_32_BIT_CONVERSION = YES;
				GCC_WARN_ABOUT_RETURN_TYPE = YES_ERROR;
				GCC_WARN_UNDECLARED_SELECTOR = YES;
				GCC_WARN_UNINITIALIZED_AUTOS = YES_AGGRESSIVE;
				GCC_WARN_UNUSED_FUNCTION = YES;
				GCC_WARN_UNUSED_VARIABLE = YES;
				IPHONEOS_DEPLOYMENT_TARGET = 12.0;
				MTL_ENABLE_DEBUG_INFO = INCLUDE_SOURCE;
				MTL_FAST_MATH = YES;
				ONLY_ACTIVE_ARCH = YES;
				SDKROOT = iphoneos;
				SWIFT_ACTIVE_COMPILATION_CONDITIONS = DEBUG;
				SWIFT_OPTIMIZATION_LEVEL = "-Onone";
			};
			name = Debug;
		};
		6B5AB0FE2196E0E700581E78 /* Release */ = {
			isa = XCBuildConfiguration;
			buildSettings = {
				ALWAYS_SEARCH_USER_PATHS = NO;
				CLANG_ANALYZER_NONNULL = YES;
				CLANG_ANALYZER_NUMBER_OBJECT_CONVERSION = YES_AGGRESSIVE;
				CLANG_CXX_LANGUAGE_STANDARD = "gnu++14";
				CLANG_CXX_LIBRARY = "libc++";
				CLANG_ENABLE_MODULES = YES;
				CLANG_ENABLE_OBJC_ARC = YES;
				CLANG_ENABLE_OBJC_WEAK = YES;
				CLANG_WARN_BLOCK_CAPTURE_AUTORELEASING = YES;
				CLANG_WARN_BOOL_CONVERSION = YES;
				CLANG_WARN_COMMA = YES;
				CLANG_WARN_CONSTANT_CONVERSION = YES;
				CLANG_WARN_DEPRECATED_OBJC_IMPLEMENTATIONS = YES;
				CLANG_WARN_DIRECT_OBJC_ISA_USAGE = YES_ERROR;
				CLANG_WARN_DOCUMENTATION_COMMENTS = YES;
				CLANG_WARN_EMPTY_BODY = YES;
				CLANG_WARN_ENUM_CONVERSION = YES;
				CLANG_WARN_INFINITE_RECURSION = YES;
				CLANG_WARN_INT_CONVERSION = YES;
				CLANG_WARN_NON_LITERAL_NULL_CONVERSION = YES;
				CLANG_WARN_OBJC_IMPLICIT_RETAIN_SELF = YES;
				CLANG_WARN_OBJC_LITERAL_CONVERSION = YES;
				CLANG_WARN_OBJC_ROOT_CLASS = YES_ERROR;
				CLANG_WARN_RANGE_LOOP_ANALYSIS = YES;
				CLANG_WARN_STRICT_PROTOTYPES = YES;
				CLANG_WARN_SUSPICIOUS_MOVE = YES;
				CLANG_WARN_UNGUARDED_AVAILABILITY = YES_AGGRESSIVE;
				CLANG_WARN_UNREACHABLE_CODE = YES;
				CLANG_WARN__DUPLICATE_METHOD_MATCH = YES;
				CODE_SIGN_IDENTITY = "iPhone Developer";
				COPY_PHASE_STRIP = NO;
				DEBUG_INFORMATION_FORMAT = "dwarf-with-dsym";
				ENABLE_NS_ASSERTIONS = NO;
				ENABLE_STRICT_OBJC_MSGSEND = YES;
				GCC_C_LANGUAGE_STANDARD = gnu11;
				GCC_NO_COMMON_BLOCKS = YES;
				GCC_WARN_64_TO_32_BIT_CONVERSION = YES;
				GCC_WARN_ABOUT_RETURN_TYPE = YES_ERROR;
				GCC_WARN_UNDECLARED_SELECTOR = YES;
				GCC_WARN_UNINITIALIZED_AUTOS = YES_AGGRESSIVE;
				GCC_WARN_UNUSED_FUNCTION = YES;
				GCC_WARN_UNUSED_VARIABLE = YES;
				IPHONEOS_DEPLOYMENT_TARGET = 12.0;
				MTL_ENABLE_DEBUG_INFO = NO;
				MTL_FAST_MATH = YES;
				SDKROOT = iphoneos;
				SWIFT_COMPILATION_MODE = wholemodule;
				SWIFT_OPTIMIZATION_LEVEL = "-O";
				VALIDATE_PRODUCT = YES;
			};
			name = Release;
		};
		6B5AB1002196E0E700581E78 /* Debug */ = {
			isa = XCBuildConfiguration;
			baseConfigurationReference = 9E50CD434B5AFAA449DC905D /* Pods-RxAutocomplete.debug.xcconfig */;
			buildSettings = {
				ASSETCATALOG_COMPILER_APPICON_NAME = AppIcon;
				CODE_SIGN_STYLE = Automatic;
				DEVELOPMENT_TEAM = 68SZERZ856;
				INFOPLIST_FILE = RxAutocomplete/Info.plist;
				LD_RUNPATH_SEARCH_PATHS = (
					"$(inherited)",
					"@executable_path/Frameworks",
				);
				PRODUCT_BUNDLE_IDENTIFIER = com.alinekborges.RxAutocomplete;
				PRODUCT_NAME = "$(TARGET_NAME)";
				SWIFT_VERSION = 4.2;
				TARGETED_DEVICE_FAMILY = "1,2";
			};
			name = Debug;
		};
		6B5AB1012196E0E700581E78 /* Release */ = {
			isa = XCBuildConfiguration;
			baseConfigurationReference = E369A27F4B3790CA011502E9 /* Pods-RxAutocomplete.release.xcconfig */;
			buildSettings = {
				ASSETCATALOG_COMPILER_APPICON_NAME = AppIcon;
				CODE_SIGN_STYLE = Automatic;
				DEVELOPMENT_TEAM = 68SZERZ856;
				INFOPLIST_FILE = RxAutocomplete/Info.plist;
				LD_RUNPATH_SEARCH_PATHS = (
					"$(inherited)",
					"@executable_path/Frameworks",
				);
				PRODUCT_BUNDLE_IDENTIFIER = com.alinekborges.RxAutocomplete;
				PRODUCT_NAME = "$(TARGET_NAME)";
				SWIFT_VERSION = 4.2;
				TARGETED_DEVICE_FAMILY = "1,2";
			};
			name = Release;
		};
/* End XCBuildConfiguration section */

/* Begin XCConfigurationList section */
		6B5AB0E82196E0E500581E78 /* Build configuration list for PBXProject "RxAutocomplete" */ = {
			isa = XCConfigurationList;
			buildConfigurations = (
				6B5AB0FD2196E0E700581E78 /* Debug */,
				6B5AB0FE2196E0E700581E78 /* Release */,
			);
			defaultConfigurationIsVisible = 0;
			defaultConfigurationName = Release;
		};
		6B5AB0FF2196E0E700581E78 /* Build configuration list for PBXNativeTarget "RxAutocomplete" */ = {
			isa = XCConfigurationList;
			buildConfigurations = (
				6B5AB1002196E0E700581E78 /* Debug */,
				6B5AB1012196E0E700581E78 /* Release */,
			);
			defaultConfigurationIsVisible = 0;
			defaultConfigurationName = Release;
		};
/* End XCConfigurationList section */
	};
	rootObject = 6B5AB0E52196E0E500581E78 /* Project object */;
}
